
Microsoft Visual Studio Solution File, Format Version 12.00
# Visual Studio Version 17
VisualStudioVersion = 17.9.34728.123
MinimumVisualStudioVersion = 10.0.40219.1
Project("{9A19103F-16F7-4668-BE54-9A1E7A4F7556}") = "MudBucket", "MudBucket.csproj", "{CC2972F7-64A5-4BFC-B27F-2D9D8031DA08}"
EndProject
Global
	GlobalSection(SolutionConfigurationPlatforms) = preSolution
		Debug|Any CPU = Debug|Any CPU
		Release|Any CPU = Release|Any CPU
	EndGlobalSection
	GlobalSection(ProjectConfigurationPlatforms) = postSolution
		{CC2972F7-64A5-4BFC-B27F-2D9D8031DA08}.Debug|Any CPU.ActiveCfg = Debug|Any CPU
		{CC2972F7-64A5-4BFC-B27F-2D9D8031DA08}.Debug|Any CPU.Build.0 = Debug|Any CPU
		{CC2972F7-64A5-4BFC-B27F-2D9D8031DA08}.Release|Any CPU.ActiveCfg = Release|Any CPU
		{CC2972F7-64A5-4BFC-B27F-2D9D8031DA08}.Release|Any CPU.Build.0 = Release|Any CPU
	EndGlobalSection
	GlobalSection(SolutionProperties) = preSolution
		HideSolutionNode = FALSE
	EndGlobalSection
	GlobalSection(ExtensibilityGlobals) = postSolution
		SolutionGuid = {E65C385F-727E-4F69-A8E5-EE4A8E54964A}
	EndGlobalSection
EndGlobal
